// !$*UTF8*$!
{
	archiveVersion = 1;
	classes = {
	};
	objectVersion = 50;
	objects = {

/* Begin PBXBuildFile section */
		AE5F55C127306E5A00159E50 /* AppDelegate.swift in Sources */ = {isa = PBXBuildFile; fileRef = AE5F55C027306E5A00159E50 /* AppDelegate.swift */; };
		AE5F55C327306E5A00159E50 /* SceneDelegate.swift in Sources */ = {isa = PBXBuildFile; fileRef = AE5F55C227306E5A00159E50 /* SceneDelegate.swift */; };
		AE5F55C527306E5A00159E50 /* ViewController.swift in Sources */ = {isa = PBXBuildFile; fileRef = AE5F55C427306E5A00159E50 /* ViewController.swift */; };
		AE5F55C827306E5A00159E50 /* Main.storyboard in Resources */ = {isa = PBXBuildFile; fileRef = AE5F55C627306E5A00159E50 /* Main.storyboard */; };
		AE5F55CA27306E6400159E50 /* Assets.xcassets in Resources */ = {isa = PBXBuildFile; fileRef = AE5F55C927306E6400159E50 /* Assets.xcassets */; };
		AE5F55CD27306E6400159E50 /* LaunchScreen.storyboard in Resources */ = {isa = PBXBuildFile; fileRef = AE5F55CB27306E6400159E50 /* LaunchScreen.storyboard */; };
		AEA07822273312D7009F8D63 /* Goboard.sks in Resources */ = {isa = PBXBuildFile; fileRef = AEA07821273312D7009F8D63 /* Goboard.sks */; };
		AEA07825273315FC009F8D63 /* Peice.sks in Resources */ = {isa = PBXBuildFile; fileRef = AEA07824273315FC009F8D63 /* Peice.sks */; };
/* End PBXBuildFile section */

/* Begin PBXFileReference section */
		AE5F55BD27306E5A00159E50 /* GoGame.app */ = {isa = PBXFileReference; explicitFileType = wrapper.application; includeInIndex = 0; path = GoGame.app; sourceTree = BUILT_PRODUCTS_DIR; };
		AE5F55C027306E5A00159E50 /* AppDelegate.swift */ = {isa = PBXFileReference; lastKnownFileType = sourcecode.swift; path = AppDelegate.swift; sourceTree = "<group>"; };
		AE5F55C227306E5A00159E50 /* SceneDelegate.swift */ = {isa = PBXFileReference; lastKnownFileType = sourcecode.swift; path = SceneDelegate.swift; sourceTree = "<group>"; };
		AE5F55C427306E5A00159E50 /* ViewController.swift */ = {isa = PBXFileReference; lastKnownFileType = sourcecode.swift; path = ViewController.swift; sourceTree = "<group>"; };
		AE5F55C727306E5A00159E50 /* Base */ = {isa = PBXFileReference; lastKnownFileType = file.storyboard; name = Base; path = Base.lproj/Main.storyboard; sourceTree = "<group>"; };
		AE5F55C927306E6400159E50 /* Assets.xcassets */ = {isa = PBXFileReference; lastKnownFileType = folder.assetcatalog; path = Assets.xcassets; sourceTree = "<group>"; };
		AE5F55CC27306E6400159E50 /* Base */ = {isa = PBXFileReference; lastKnownFileType = file.storyboard; name = Base; path = Base.lproj/LaunchScreen.storyboard; sourceTree = "<group>"; };
		AE5F55CE27306E6400159E50 /* Info.plist */ = {isa = PBXFileReference; lastKnownFileType = text.plist.xml; path = Info.plist; sourceTree = "<group>"; };
		AEA07821273312D7009F8D63 /* Goboard.sks */ = {isa = PBXFileReference; lastKnownFileType = file.sks; path = Goboard.sks; sourceTree = "<group>"; };
		AEA07824273315FC009F8D63 /* Peice.sks */ = {isa = PBXFileReference; lastKnownFileType = file.sks; path = Peice.sks; sourceTree = "<group>"; };
/* End PBXFileReference section */

/* Begin PBXFrameworksBuildPhase section */
		AE5F55BA27306E5A00159E50 /* Frameworks */ = {
			isa = PBXFrameworksBuildPhase;
			buildActionMask = 2147483647;
			files = (
			);
			runOnlyForDeploymentPostprocessing = 0;
		};
/* End PBXFrameworksBuildPhase section */

/* Begin PBXGroup section */
		AE5F55B427306E5A00159E50 = {
			isa = PBXGroup;
			children = (
				AE5F55BF27306E5A00159E50 /* GoGame */,
				AE5F55BE27306E5A00159E50 /* Products */,
			);
			sourceTree = "<group>";
		};
		AE5F55BE27306E5A00159E50 /* Products */ = {
			isa = PBXGroup;
			children = (
				AE5F55BD27306E5A00159E50 /* GoGame.app */,
			);
			name = Products;
			sourceTree = "<group>";
		};
		AE5F55BF27306E5A00159E50 /* GoGame */ = {
			isa = PBXGroup;
			children = (
				AE5F55C027306E5A00159E50 /* AppDelegate.swift */,
				AE5F55C227306E5A00159E50 /* SceneDelegate.swift */,
				AE5F55C427306E5A00159E50 /* ViewController.swift */,
				AEA07821273312D7009F8D63 /* Goboard.sks */,
				AEA07824273315FC009F8D63 /* Peice.sks */,
				AE5F55C627306E5A00159E50 /* Main.storyboard */,
				AE5F55C927306E6400159E50 /* Assets.xcassets */,
				AE5F55CB27306E6400159E50 /* LaunchScreen.storyboard */,
				AE5F55CE27306E6400159E50 /* Info.plist */,
			);
			path = GoGame;
			sourceTree = "<group>";
		};
/* End PBXGroup section */

/* Begin PBXNativeTarget section */
		AE5F55BC27306E5A00159E50 /* GoGame */ = {
			isa = PBXNativeTarget;
			buildConfigurationList = AE5F55D127306E6400159E50 /* Build configuration list for PBXNativeTarget "GoGame" */;
			buildPhases = (
				AE5F55B927306E5A00159E50 /* Sources */,
				AE5F55BA27306E5A00159E50 /* Frameworks */,
				AE5F55BB27306E5A00159E50 /* Resources */,
			);
			buildRules = (
			);
			dependencies = (
			);
			name = GoGame;
			productName = GoGame;
			productReference = AE5F55BD27306E5A00159E50 /* GoGame.app */;
			productType = "com.apple.product-type.application";
		};
/* End PBXNativeTarget section */

/* Begin PBXProject section */
		AE5F55B527306E5A00159E50 /* Project object */ = {
			isa = PBXProject;
			attributes = {
				LastSwiftUpdateCheck = 1240;
				LastUpgradeCheck = 1240;
				TargetAttributes = {
					AE5F55BC27306E5A00159E50 = {
						CreatedOnToolsVersion = 12.4;
					};
				};
			};
			buildConfigurationList = AE5F55B827306E5A00159E50 /* Build configuration list for PBXProject "GoGame" */;
			compatibilityVersion = "Xcode 9.3";
			developmentRegion = en;
			hasScannedForEncodings = 0;
			knownRegions = (
				en,
				Base,
			);
			mainGroup = AE5F55B427306E5A00159E50;
			productRefGroup = AE5F55BE27306E5A00159E50 /* Products */;
			projectDirPath = "";
			projectRoot = "";
			targets = (
				AE5F55BC27306E5A00159E50 /* GoGame */,
			);
		};
/* End PBXProject section */

/* Begin PBXResourcesBuildPhase section */
		AE5F55BB27306E5A00159E50 /* Resources */ = {
			isa = PBXResourcesBuildPhase;
			buildActionMask = 2147483647;
			files = (
				AEA07822273312D7009F8D63 /* Goboard.sks in Resources */,
				AE5F55CD27306E6400159E50 /* LaunchScreen.storyboard in Resources */,
				AE5F55CA27306E6400159E50 /* Assets.xcassets in Resources */,
				AEA07825273315FC009F8D63 /* Peice.sks in Resources */,
				AE5F55C827306E5A00159E50 /* Main.storyboard in Resources */,
			);
			runOnlyForDeploymentPostprocessing = 0;
		};
/* End PBXResourcesBuildPhase section */

/* Begin PBXSourcesBuildPhase section */
		AE5F55B927306E5A00159E50 /* Sources */ = {
			isa = PBXSourcesBuildPhase;
			buildActionMask = 2147483647;
			files = (
				AE5F55C527306E5A00159E50 /* ViewController.swift in Sources */,
				AE5F55C127306E5A00159E50 /* AppDelegate.swift in Sources */,
				AE5F55C327306E5A00159E50 /* SceneDelegate.swift in Sources */,
			);
			runOnlyForDeploymentPostprocessing = 0;
		};
/* End PBXSourcesBuildPhase section */

/* Begin PBXVariantGroup section */
		AE5F55C627306E5A00159E50 /* Main.storyboard */ = {
			isa = PBXVariantGroup;
			children = (
				AE5F55C727306E5A00159E50 /* Base */,
			);
			name = Main.storyboard;
			sourceTree = "<group>";
		};
		AE5F55CB27306E6400159E50 /* LaunchScreen.storyboard */ = {
			isa = PBXVariantGroup;
			children = (
				AE5F55CC27306E6400159E50 /* Base */,
			);
			name = LaunchScreen.storyboard;
			sourceTree = "<group>";
		};
/* End PBXVariantGroup section */

/* Begin XCBuildConfiguration section */
		AE5F55CF27306E6400159E50 /* Debug */ = {
			isa = XCBuildConfiguration;
			buildSettings = {
				ALWAYS_SEARCH_USER_PATHS = NO;
				CLANG_ANALYZER_NONNULL = YES;
				CLANG_ANALYZER_NUMBER_OBJECT_CONVERSION = YES_AGGRESSIVE;
				CLANG_CXX_LANGUAGE_STANDARD = "gnu++14";
				CLANG_CXX_LIBRARY = "libc++";
				CLANG_ENABLE_MODULES = YES;
				CLANG_ENABLE_OBJC_ARC = YES;
				CLANG_ENABLE_OBJC_WEAK = YES;
				CLANG_WARN_BLOCK_CAPTURE_AUTORELEASING = YES;
				CLANG_WARN_BOOL_CONVERSION = YES;
				CLANG_WARN_COMMA = YES;
				CLANG_WARN_CONSTANT_CONVERSION = YES;
				CLANG_WARN_DEPRECATED_OBJC_IMPLEMENTATIONS = YES;
				CLANG_WARN_DIRECT_OBJC_ISA_USAGE = YES_ERROR;
				CLANG_WARN_DOCUMENTATION_COMMENTS = YES;
				CLANG_WARN_EMPTY_BODY = YES;
				CLANG_WARN_ENUM_CONVERSION = YES;
				CLANG_WARN_INFINITE_RECURSION = YES;
				CLANG_WARN_INT_CONVERSION = YES;
				CLANG_WARN_NON_LITERAL_NULL_CONVERSION = YES;
				CLANG_WARN_OBJC_IMPLICIT_RETAIN_SELF = YES;
				CLANG_WARN_OBJC_LITERAL_CONVERSION = YES;
				CLANG_WARN_OBJC_ROOT_CLASS = YES_ERROR;
				CLANG_WARN_QUOTED_INCLUDE_IN_FRAMEWORK_HEADER = YES;
				CLANG_WARN_RANGE_LOOP_ANALYSIS = YES;
				CLANG_WARN_STRICT_PROTOTYPES = YES;
				CLANG_WARN_SUSPICIOUS_MOVE = YES;
				CLANG_WARN_UNGUARDED_AVAILABILITY = YES_AGGRESSIVE;
				CLANG_WARN_UNREACHABLE_CODE = YES;
				CLANG_WARN__DUPLICATE_METHOD_MATCH = YES;
				COPY_PHASE_STRIP = NO;
				DEBUG_INFORMATION_FORMAT = dwarf;
				ENABLE_STRICT_OBJC_MSGSEND = YES;
				ENABLE_TESTABILITY = YES;
				GCC_C_LANGUAGE_STANDARD = gnu11;
				GCC_DYNAMIC_NO_PIC = NO;
				GCC_NO_COMMON_BLOCKS = YES;
				GCC_OPTIMIZATION_LEVEL = 0;
				GCC_PREPROCESSOR_DEFINITIONS = (
					"DEBUG=1",
					"$(inherited)",
				);
				GCC_WARN_64_TO_32_BIT_CONVERSION = YES;
				GCC_WARN_ABOUT_RETURN_TYPE = YES_ERROR;
				GCC_WARN_UNDECLARED_SELECTOR = YES;
				GCC_WARN_UNINITIALIZED_AUTOS = YES_AGGRESSIVE;
				GCC_WARN_UNUSED_FUNCTION = YES;
				GCC_WARN_UNUSED_VARIABLE = YES;
				IPHONEOS_DEPLOYMENT_TARGET = 14.4;
				MTL_ENABLE_DEBUG_INFO = INCLUDE_SOURCE;
				MTL_FAST_MATH = YES;
				ONLY_ACTIVE_ARCH = YES;
				SDKROOT = iphoneos;
				SWIFT_ACTIVE_COMPILATION_CONDITIONS = DEBUG;
				SWIFT_OPTIMIZATION_LEVEL = "-Onone";
			};
			name = Debug;
		};
		AE5F55D027306E6400159E50 /* Release */ = {
			isa = XCBuildConfiguration;
			buildSettings = {
				ALWAYS_SEARCH_USER_PATHS = NO;
				CLANG_ANALYZER_NONNULL = YES;
				CLANG_ANALYZER_NUMBER_OBJECT_CONVERSION = YES_AGGRESSIVE;
				CLANG_CXX_LANGUAGE_STANDARD = "gnu++14";
				CLANG_CXX_LIBRARY = "libc++";
				CLANG_ENABLE_MODULES = YES;
				CLANG_ENABLE_OBJC_ARC = YES;
				CLANG_ENABLE_OBJC_WEAK = YES;
				CLANG_WARN_BLOCK_CAPTURE_AUTORELEASING = YES;
				CLANG_WARN_BOOL_CONVERSION = YES;
				CLANG_WARN_COMMA = YES;
				CLANG_WARN_CONSTANT_CONVERSION = YES;
				CLANG_WARN_DEPRECATED_OBJC_IMPLEMENTATIONS = YES;
				CLANG_WARN_DIRECT_OBJC_ISA_USAGE = YES_ERROR;
				CLANG_WARN_DOCUMENTATION_COMMENTS = YES;
				CLANG_WARN_EMPTY_BODY = YES;
				CLANG_WARN_ENUM_CONVERSION = YES;
				CLANG_WARN_INFINITE_RECURSION = YES;
				CLANG_WARN_INT_CONVERSION = YES;
				CLANG_WARN_NON_LITERAL_NULL_CONVERSION = YES;
				CLANG_WARN_OBJC_IMPLICIT_RETAIN_SELF = YES;
				CLANG_WARN_OBJC_LITERAL_CONVERSION = YES;
				CLANG_WARN_OBJC_ROOT_CLASS = YES_ERROR;
				CLANG_WARN_QUOTED_INCLUDE_IN_FRAMEWORK_HEADER = YES;
				CLANG_WARN_RANGE_LOOP_ANALYSIS = YES;
				CLANG_WARN_STRICT_PROTOTYPES = YES;
				CLANG_WARN_SUSPICIOUS_MOVE = YES;
				CLANG_WARN_UNGUARDED_AVAILABILITY = YES_AGGRESSIVE;
				CLANG_WARN_UNREACHABLE_CODE = YES;
				CLANG_WARN__DUPLICATE_METHOD_MATCH = YES;
				COPY_PHASE_STRIP = NO;
				DEBUG_INFORMATION_FORMAT = "dwarf-with-dsym";
				ENABLE_NS_ASSERTIONS = NO;
				ENABLE_STRICT_OBJC_MSGSEND = YES;
				GCC_C_LANGUAGE_STANDARD = gnu11;
				GCC_NO_COMMON_BLOCKS = YES;
				GCC_WARN_64_TO_32_BIT_CONVERSION = YES;
				GCC_WARN_ABOUT_RETURN_TYPE = YES_ERROR;
				GCC_WARN_UNDECLARED_SELECTOR = YES;
				GCC_WARN_UNINITIALIZED_AUTOS = YES_AGGRESSIVE;
				GCC_WARN_UNUSED_FUNCTION = YES;
				GCC_WARN_UNUSED_VARIABLE = YES;
				IPHONEOS_DEPLOYMENT_TARGET = 14.4;
				MTL_ENABLE_DEBUG_INFO = NO;
				MTL_FAST_MATH = YES;
				SDKROOT = iphoneos;
				SWIFT_COMPILATION_MODE = wholemodule;
				SWIFT_OPTIMIZATION_LEVEL = "-O";
				VALIDATE_PRODUCT = YES;
			};
			name = Release;
		};
		AE5F55D227306E6400159E50 /* Debug */ = {
			isa = XCBuildConfiguration;
			buildSettings = {
				ASSETCATALOG_COMPILER_APPICON_NAME = AppIcon;
				ASSETCATALOG_COMPILER_GLOBAL_ACCENT_COLOR_NAME = AccentColor;
				CODE_SIGN_STYLE = Automatic;
				INFOPLIST_FILE = GoGame/Info.plist;
				LD_RUNPATH_SEARCH_PATHS = (
					"$(inherited)",
					"@executable_path/Frameworks",
				);
				PRODUCT_BUNDLE_IDENTIFIER = PHS.GoGame;
				PRODUCT_NAME = "$(TARGET_NAME)";
				SWIFT_VERSION = 5.0;
				TARGETED_DEVICE_FAMILY = 2;
			};
			name = Debug;
		};
		AE5F55D327306E6400159E50 /* Release */ = {
			isa = XCBuildConfiguration;
			buildSettings = {
				ASSETCATALOG_COMPILER_APPICON_NAME = AppIcon;
				ASSETCATALOG_COMPILER_GLOBAL_ACCENT_COLOR_NAME = AccentColor;
				CODE_SIGN_STYLE = Automatic;
				INFOPLIST_FILE = GoGame/Info.plist;
				LD_RUNPATH_SEARCH_PATHS = (
					"$(inherited)",
					"@executable_path/Frameworks",
				);
				PRODUCT_BUNDLE_IDENTIFIER = PHS.GoGame;
				PRODUCT_NAME = "$(TARGET_NAME)";
				SWIFT_VERSION = 5.0;
				TARGETED_DEVICE_FAMILY = 2;
			};
			name = Release;
		};
/* End XCBuildConfiguration section */

/* Begin XCConfigurationList section */
		AE5F55B827306E5A00159E50 /* Build configuration list for PBXProject "GoGame" */ = {
			isa = XCConfigurationList;
			buildConfigurations = (
				AE5F55CF27306E6400159E50 /* Debug */,
				AE5F55D027306E6400159E50 /* Release */,
			);
			defaultConfigurationIsVisible = 0;
			defaultConfigurationName = Release;
		};
		AE5F55D127306E6400159E50 /* Build configuration list for PBXNativeTarget "GoGame" */ = {
			isa = XCConfigurationList;
			buildConfigurations = (
				AE5F55D227306E6400159E50 /* Debug */,
				AE5F55D327306E6400159E50 /* Release */,
			);
			defaultConfigurationIsVisible = 0;
			defaultConfigurationName = Release;
		};
/* End XCConfigurationList section */
	};
	rootObject = AE5F55B527306E5A00159E50 /* Project object */;
}
