// !$*UTF8*$!
{
	archiveVersion = 1;
	classes = {
	};
	objectVersion = 54;
	objects = {

/* Begin PBXBuildFile section */
		472046FC24D49317006B0C78 /* Contact.swift in Sources */ = {isa = PBXBuildFile; fileRef = 472046FB24D49317006B0C78 /* Contact.swift */; };
		472046FE24D49321006B0C78 /* RetrieveViewController.swift in Sources */ = {isa = PBXBuildFile; fileRef = 472046FD24D49321006B0C78 /* RetrieveViewController.swift */; };
		4720470024D49327006B0C78 /* StoreViewController.swift in Sources */ = {isa = PBXBuildFile; fileRef = 472046FF24D49327006B0C78 /* StoreViewController.swift */; };
		47C2148624D250ED007842BB /* AppDelegate.swift in Sources */ = {isa = PBXBuildFile; fileRef = 47C2148524D250ED007842BB /* AppDelegate.swift */; };
		47C2148824D250ED007842BB /* SceneDelegate.swift in Sources */ = {isa = PBXBuildFile; fileRef = 47C2148724D250ED007842BB /* SceneDelegate.swift */; };
		47C2148D24D250ED007842BB /* Main.storyboard in Resources */ = {isa = PBXBuildFile; fileRef = 47C2148B24D250ED007842BB /* Main.storyboard */; };
		47C2148F24D250ED007842BB /* Assets.xcassets in Resources */ = {isa = PBXBuildFile; fileRef = 47C2148E24D250ED007842BB /* Assets.xcassets */; };
		47C2149224D250ED007842BB /* LaunchScreen.storyboard in Resources */ = {isa = PBXBuildFile; fileRef = 47C2149024D250ED007842BB /* LaunchScreen.storyboard */; };
/* End PBXBuildFile section */

/* Begin PBXFileReference section */
		472046FB24D49317006B0C78 /* Contact.swift */ = {isa = PBXFileReference; fileEncoding = 4; lastKnownFileType = sourcecode.swift; path = Contact.swift; sourceTree = "<group>"; };
		472046FD24D49321006B0C78 /* RetrieveViewController.swift */ = {isa = PBXFileReference; fileEncoding = 4; lastKnownFileType = sourcecode.swift; path = RetrieveViewController.swift; sourceTree = "<group>"; };
		472046FF24D49327006B0C78 /* StoreViewController.swift */ = {isa = PBXFileReference; fileEncoding = 4; lastKnownFileType = sourcecode.swift; path = StoreViewController.swift; sourceTree = "<group>"; };
		47C2148224D250ED007842BB /* PersistenceChallenge.app */ = {isa = PBXFileReference; explicitFileType = wrapper.application; includeInIndex = 0; path = PersistenceChallenge.app; sourceTree = BUILT_PRODUCTS_DIR; };
		47C2148524D250ED007842BB /* AppDelegate.swift */ = {isa = PBXFileReference; lastKnownFileType = sourcecode.swift; path = AppDelegate.swift; sourceTree = "<group>"; };
		47C2148724D250ED007842BB /* SceneDelegate.swift */ = {isa = PBXFileReference; lastKnownFileType = sourcecode.swift; path = SceneDelegate.swift; sourceTree = "<group>"; };
		47C2148C24D250ED007842BB /* Base */ = {isa = PBXFileReference; lastKnownFileType = file.storyboard; name = Base; path = Base.lproj/Main.storyboard; sourceTree = "<group>"; };
		47C2148E24D250ED007842BB /* Assets.xcassets */ = {isa = PBXFileReference; lastKnownFileType = folder.assetcatalog; path = Assets.xcassets; sourceTree = "<group>"; };
		47C2149124D250ED007842BB /* Base */ = {isa = PBXFileReference; lastKnownFileType = file.storyboard; name = Base; path = Base.lproj/LaunchScreen.storyboard; sourceTree = "<group>"; };
		47C2149324D250ED007842BB /* Info.plist */ = {isa = PBXFileReference; lastKnownFileType = text.plist.xml; path = Info.plist; sourceTree = "<group>"; };
/* End PBXFileReference section */

/* Begin PBXFrameworksBuildPhase section */
		47C2147F24D250ED007842BB /* Frameworks */ = {
			isa = PBXFrameworksBuildPhase;
			buildActionMask = 2147483647;
			files = (
			);
			runOnlyForDeploymentPostprocessing = 0;
		};
/* End PBXFrameworksBuildPhase section */

/* Begin PBXGroup section */
		47C2147924D250ED007842BB = {
			isa = PBXGroup;
			children = (
				47C2148424D250ED007842BB /* PersistenceChallenge */,
				47C2148324D250ED007842BB /* Products */,
			);
			sourceTree = "<group>";
		};
		47C2148324D250ED007842BB /* Products */ = {
			isa = PBXGroup;
			children = (
				47C2148224D250ED007842BB /* PersistenceChallenge.app */,
			);
			name = Products;
			sourceTree = "<group>";
		};
		47C2148424D250ED007842BB /* PersistenceChallenge */ = {
			isa = PBXGroup;
			children = (
				472046FF24D49327006B0C78 /* StoreViewController.swift */,
				472046FD24D49321006B0C78 /* RetrieveViewController.swift */,
				472046FB24D49317006B0C78 /* Contact.swift */,
				47C2148524D250ED007842BB /* AppDelegate.swift */,
				47C2148724D250ED007842BB /* SceneDelegate.swift */,
				47C2148B24D250ED007842BB /* Main.storyboard */,
				47C2148E24D250ED007842BB /* Assets.xcassets */,
				47C2149024D250ED007842BB /* LaunchScreen.storyboard */,
				47C2149324D250ED007842BB /* Info.plist */,
			);
			path = PersistenceChallenge;
			sourceTree = "<group>";
		};
/* End PBXGroup section */

/* Begin PBXNativeTarget section */
		47C2148124D250ED007842BB /* PersistenceChallenge */ = {
			isa = PBXNativeTarget;
			buildConfigurationList = 47C2149624D250ED007842BB /* Build configuration list for PBXNativeTarget "PersistenceChallenge" */;
			buildPhases = (
				47C2147E24D250ED007842BB /* Sources */,
				47C2147F24D250ED007842BB /* Frameworks */,
				47C2148024D250ED007842BB /* Resources */,
			);
			buildRules = (
			);
			dependencies = (
			);
			name = PersistenceChallenge;
			productName = PersistenceChallenge;
			productReference = 47C2148224D250ED007842BB /* PersistenceChallenge.app */;
			productType = "com.apple.product-type.application";
		};
/* End PBXNativeTarget section */

/* Begin PBXProject section */
		47C2147A24D250ED007842BB /* Project object */ = {
			isa = PBXProject;
			attributes = {
				LastSwiftUpdateCheck = 1130;
				LastUpgradeCheck = 1230;
				ORGANIZATIONNAME = MobileMakersEdu;
				TargetAttributes = {
					47C2148124D250ED007842BB = {
						CreatedOnToolsVersion = 11.3.1;
					};
				};
			};
			buildConfigurationList = 47C2147D24D250ED007842BB /* Build configuration list for PBXProject "PersistenceChallenge" */;
			compatibilityVersion = "Xcode 12.0";
			developmentRegion = en;
			hasScannedForEncodings = 0;
			knownRegions = (
				en,
				Base,
			);
			mainGroup = 47C2147924D250ED007842BB;
			productRefGroup = 47C2148324D250ED007842BB /* Products */;
			projectDirPath = "";
			projectRoot = "";
			targets = (
				47C2148124D250ED007842BB /* PersistenceChallenge */,
			);
		};
/* End PBXProject section */

/* Begin PBXResourcesBuildPhase section */
		47C2148024D250ED007842BB /* Resources */ = {
			isa = PBXResourcesBuildPhase;
			buildActionMask = 2147483647;
			files = (
				47C2149224D250ED007842BB /* LaunchScreen.storyboard in Resources */,
				47C2148F24D250ED007842BB /* Assets.xcassets in Resources */,
				47C2148D24D250ED007842BB /* Main.storyboard in Resources */,
			);
			runOnlyForDeploymentPostprocessing = 0;
		};
/* End PBXResourcesBuildPhase section */

/* Begin PBXSourcesBuildPhase section */
		47C2147E24D250ED007842BB /* Sources */ = {
			isa = PBXSourcesBuildPhase;
			buildActionMask = 2147483647;
			files = (
				4720470024D49327006B0C78 /* StoreViewController.swift in Sources */,
				472046FE24D49321006B0C78 /* RetrieveViewController.swift in Sources */,
				472046FC24D49317006B0C78 /* Contact.swift in Sources */,
				47C2148624D250ED007842BB /* AppDelegate.swift in Sources */,
				47C2148824D250ED007842BB /* SceneDelegate.swift in Sources */,
			);
			runOnlyForDeploymentPostprocessing = 0;
		};
/* End PBXSourcesBuildPhase section */

/* Begin PBXVariantGroup section */
		47C2148B24D250ED007842BB /* Main.storyboard */ = {
			isa = PBXVariantGroup;
			children = (
				47C2148C24D250ED007842BB /* Base */,
			);
			name = Main.storyboard;
			sourceTree = "<group>";
		};
		47C2149024D250ED007842BB /* LaunchScreen.storyboard */ = {
			isa = PBXVariantGroup;
			children = (
				47C2149124D250ED007842BB /* Base */,
			);
			name = LaunchScreen.storyboard;
			sourceTree = "<group>";
		};
/* End PBXVariantGroup section */

/* Begin XCBuildConfiguration section */
		47C2149424D250ED007842BB /* Debug */ = {
			isa = XCBuildConfiguration;
			buildSettings = {
				ALWAYS_SEARCH_USER_PATHS = NO;
				CLANG_ANALYZER_NONNULL = YES;
				CLANG_ANALYZER_NUMBER_OBJECT_CONVERSION = YES_AGGRESSIVE;
				CLANG_CXX_LANGUAGE_STANDARD = "gnu++14";
				CLANG_CXX_LIBRARY = "libc++";
				CLANG_ENABLE_MODULES = YES;
				CLANG_ENABLE_OBJC_ARC = YES;
				CLANG_ENABLE_OBJC_WEAK = YES;
				CLANG_WARN_BLOCK_CAPTURE_AUTORELEASING = YES;
				CLANG_WARN_BOOL_CONVERSION = YES;
				CLANG_WARN_COMMA = YES;
				CLANG_WARN_CONSTANT_CONVERSION = YES;
				CLANG_WARN_DEPRECATED_OBJC_IMPLEMENTATIONS = YES;
				CLANG_WARN_DIRECT_OBJC_ISA_USAGE = YES_ERROR;
				CLANG_WARN_DOCUMENTATION_COMMENTS = YES;
				CLANG_WARN_EMPTY_BODY = YES;
				CLANG_WARN_ENUM_CONVERSION = YES;
				CLANG_WARN_INFINITE_RECURSION = YES;
				CLANG_WARN_INT_CONVERSION = YES;
				CLANG_WARN_NON_LITERAL_NULL_CONVERSION = YES;
				CLANG_WARN_OBJC_IMPLICIT_RETAIN_SELF = YES;
				CLANG_WARN_OBJC_LITERAL_CONVERSION = YES;
				CLANG_WARN_OBJC_ROOT_CLASS = YES_ERROR;
				CLANG_WARN_QUOTED_INCLUDE_IN_FRAMEWORK_HEADER = YES;
				CLANG_WARN_RANGE_LOOP_ANALYSIS = YES;
				CLANG_WARN_STRICT_PROTOTYPES = YES;
				CLANG_WARN_SUSPICIOUS_MOVE = YES;
				CLANG_WARN_UNGUARDED_AVAILABILITY = YES_AGGRESSIVE;
				CLANG_WARN_UNREACHABLE_CODE = YES;
				CLANG_WARN__DUPLICATE_METHOD_MATCH = YES;
				COPY_PHASE_STRIP = NO;
				DEBUG_INFORMATION_FORMAT = dwarf;
				ENABLE_STRICT_OBJC_MSGSEND = YES;
				ENABLE_TESTABILITY = YES;
				GCC_C_LANGUAGE_STANDARD = gnu11;
				GCC_DYNAMIC_NO_PIC = NO;
				GCC_NO_COMMON_BLOCKS = YES;
				GCC_OPTIMIZATION_LEVEL = 0;
				GCC_PREPROCESSOR_DEFINITIONS = (
					"DEBUG=1",
					"$(inherited)",
				);
				GCC_WARN_64_TO_32_BIT_CONVERSION = YES;
				GCC_WARN_ABOUT_RETURN_TYPE = YES_ERROR;
				GCC_WARN_UNDECLARED_SELECTOR = YES;
				GCC_WARN_UNINITIALIZED_AUTOS = YES_AGGRESSIVE;
				GCC_WARN_UNUSED_FUNCTION = YES;
				GCC_WARN_UNUSED_VARIABLE = YES;
				IPHONEOS_DEPLOYMENT_TARGET = 13.2;
				MTL_ENABLE_DEBUG_INFO = INCLUDE_SOURCE;
				MTL_FAST_MATH = YES;
				ONLY_ACTIVE_ARCH = YES;
				SDKROOT = iphoneos;
				SWIFT_ACTIVE_COMPILATION_CONDITIONS = DEBUG;
				SWIFT_OPTIMIZATION_LEVEL = "-Onone";
			};
			name = Debug;
		};
		47C2149524D250ED007842BB /* Release */ = {
			isa = XCBuildConfiguration;
			buildSettings = {
				ALWAYS_SEARCH_USER_PATHS = NO;
				CLANG_ANALYZER_NONNULL = YES;
				CLANG_ANALYZER_NUMBER_OBJECT_CONVERSION = YES_AGGRESSIVE;
				CLANG_CXX_LANGUAGE_STANDARD = "gnu++14";
				CLANG_CXX_LIBRARY = "libc++";
				CLANG_ENABLE_MODULES = YES;
				CLANG_ENABLE_OBJC_ARC = YES;
				CLANG_ENABLE_OBJC_WEAK = YES;
				CLANG_WARN_BLOCK_CAPTURE_AUTORELEASING = YES;
				CLANG_WARN_BOOL_CONVERSION = YES;
				CLANG_WARN_COMMA = YES;
				CLANG_WARN_CONSTANT_CONVERSION = YES;
				CLANG_WARN_DEPRECATED_OBJC_IMPLEMENTATIONS = YES;
				CLANG_WARN_DIRECT_OBJC_ISA_USAGE = YES_ERROR;
				CLANG_WARN_DOCUMENTATION_COMMENTS = YES;
				CLANG_WARN_EMPTY_BODY = YES;
				CLANG_WARN_ENUM_CONVERSION = YES;
				CLANG_WARN_INFINITE_RECURSION = YES;
				CLANG_WARN_INT_CONVERSION = YES;
				CLANG_WARN_NON_LITERAL_NULL_CONVERSION = YES;
				CLANG_WARN_OBJC_IMPLICIT_RETAIN_SELF = YES;
				CLANG_WARN_OBJC_LITERAL_CONVERSION = YES;
				CLANG_WARN_OBJC_ROOT_CLASS = YES_ERROR;
				CLANG_WARN_QUOTED_INCLUDE_IN_FRAMEWORK_HEADER = YES;
				CLANG_WARN_RANGE_LOOP_ANALYSIS = YES;
				CLANG_WARN_STRICT_PROTOTYPES = YES;
				CLANG_WARN_SUSPICIOUS_MOVE = YES;
				CLANG_WARN_UNGUARDED_AVAILABILITY = YES_AGGRESSIVE;
				CLANG_WARN_UNREACHABLE_CODE = YES;
				CLANG_WARN__DUPLICATE_METHOD_MATCH = YES;
				COPY_PHASE_STRIP = NO;
				DEBUG_INFORMATION_FORMAT = "dwarf-with-dsym";
				ENABLE_NS_ASSERTIONS = NO;
				ENABLE_STRICT_OBJC_MSGSEND = YES;
				GCC_C_LANGUAGE_STANDARD = gnu11;
				GCC_NO_COMMON_BLOCKS = YES;
				GCC_WARN_64_TO_32_BIT_CONVERSION = YES;
				GCC_WARN_ABOUT_RETURN_TYPE = YES_ERROR;
				GCC_WARN_UNDECLARED_SELECTOR = YES;
				GCC_WARN_UNINITIALIZED_AUTOS = YES_AGGRESSIVE;
				GCC_WARN_UNUSED_FUNCTION = YES;
				GCC_WARN_UNUSED_VARIABLE = YES;
				IPHONEOS_DEPLOYMENT_TARGET = 13.2;
				MTL_ENABLE_DEBUG_INFO = NO;
				MTL_FAST_MATH = YES;
				SDKROOT = iphoneos;
				SWIFT_COMPILATION_MODE = wholemodule;
				SWIFT_OPTIMIZATION_LEVEL = "-O";
				VALIDATE_PRODUCT = YES;
			};
			name = Release;
		};
		47C2149724D250ED007842BB /* Debug */ = {
			isa = XCBuildConfiguration;
			buildSettings = {
				ASSETCATALOG_COMPILER_APPICON_NAME = AppIcon;
				CODE_SIGN_STYLE = Automatic;
				INFOPLIST_FILE = PersistenceChallenge/Info.plist;
				LD_RUNPATH_SEARCH_PATHS = (
					"$(inherited)",
					"@executable_path/Frameworks",
				);
				PRODUCT_BUNDLE_IDENTIFIER = mme.PersistenceChallenge;
				PRODUCT_NAME = "$(TARGET_NAME)";
				SWIFT_VERSION = 5.0;
				TARGETED_DEVICE_FAMILY = "1,2";
			};
			name = Debug;
		};
		47C2149824D250ED007842BB /* Release */ = {
			isa = XCBuildConfiguration;
			buildSettings = {
				ASSETCATALOG_COMPILER_APPICON_NAME = AppIcon;
				CODE_SIGN_STYLE = Automatic;
				INFOPLIST_FILE = PersistenceChallenge/Info.plist;
				LD_RUNPATH_SEARCH_PATHS = (
					"$(inherited)",
					"@executable_path/Frameworks",
				);
				PRODUCT_BUNDLE_IDENTIFIER = mme.PersistenceChallenge;
				PRODUCT_NAME = "$(TARGET_NAME)";
				SWIFT_VERSION = 5.0;
				TARGETED_DEVICE_FAMILY = "1,2";
			};
			name = Release;
		};
/* End XCBuildConfiguration section */

/* Begin XCConfigurationList section */
		47C2147D24D250ED007842BB /* Build configuration list for PBXProject "PersistenceChallenge" */ = {
			isa = XCConfigurationList;
			buildConfigurations = (
				47C2149424D250ED007842BB /* Debug */,
				47C2149524D250ED007842BB /* Release */,
			);
			defaultConfigurationIsVisible = 0;
			defaultConfigurationName = Release;
		};
		47C2149624D250ED007842BB /* Build configuration list for PBXNativeTarget "PersistenceChallenge" */ = {
			isa = XCConfigurationList;
			buildConfigurations = (
				47C2149724D250ED007842BB /* Debug */,
				47C2149824D250ED007842BB /* Release */,
			);
			defaultConfigurationIsVisible = 0;
			defaultConfigurationName = Release;
		};
/* End XCConfigurationList section */
	};
	rootObject = 47C2147A24D250ED007842BB /* Project object */;
}
