// !$*UTF8*$!
{
	archiveVersion = 1;
	classes = {
	};
	objectVersion = 50;
	objects = {

/* Begin PBXBuildFile section */
		47EBB3C124A5073600AE20EC /* AppDelegate.swift in Sources */ = {isa = PBXBuildFile; fileRef = 47EBB3C024A5073600AE20EC /* AppDelegate.swift */; };
		47EBB3C324A5073600AE20EC /* SceneDelegate.swift in Sources */ = {isa = PBXBuildFile; fileRef = 47EBB3C224A5073600AE20EC /* SceneDelegate.swift */; };
		47EBB3C524A5073600AE20EC /* ViewController.swift in Sources */ = {isa = PBXBuildFile; fileRef = 47EBB3C424A5073600AE20EC /* ViewController.swift */; };
		47EBB3C824A5073600AE20EC /* Main.storyboard in Resources */ = {isa = PBXBuildFile; fileRef = 47EBB3C624A5073600AE20EC /* Main.storyboard */; };
		47EBB3CA24A5073700AE20EC /* Assets.xcassets in Resources */ = {isa = PBXBuildFile; fileRef = 47EBB3C924A5073700AE20EC /* Assets.xcassets */; };
		47EBB3CD24A5073700AE20EC /* LaunchScreen.storyboard in Resources */ = {isa = PBXBuildFile; fileRef = 47EBB3CB24A5073700AE20EC /* LaunchScreen.storyboard */; };
/* End PBXBuildFile section */

/* Begin PBXFileReference section */
		47EBB3BD24A5073600AE20EC /* UIAlertControllerChallenge.app */ = {isa = PBXFileReference; explicitFileType = wrapper.application; includeInIndex = 0; path = UIAlertControllerChallenge.app; sourceTree = BUILT_PRODUCTS_DIR; };
		47EBB3C024A5073600AE20EC /* AppDelegate.swift */ = {isa = PBXFileReference; lastKnownFileType = sourcecode.swift; path = AppDelegate.swift; sourceTree = "<group>"; };
		47EBB3C224A5073600AE20EC /* SceneDelegate.swift */ = {isa = PBXFileReference; lastKnownFileType = sourcecode.swift; path = SceneDelegate.swift; sourceTree = "<group>"; };
		47EBB3C424A5073600AE20EC /* ViewController.swift */ = {isa = PBXFileReference; lastKnownFileType = sourcecode.swift; path = ViewController.swift; sourceTree = "<group>"; };
		47EBB3C724A5073600AE20EC /* Base */ = {isa = PBXFileReference; lastKnownFileType = file.storyboard; name = Base; path = Base.lproj/Main.storyboard; sourceTree = "<group>"; };
		47EBB3C924A5073700AE20EC /* Assets.xcassets */ = {isa = PBXFileReference; lastKnownFileType = folder.assetcatalog; path = Assets.xcassets; sourceTree = "<group>"; };
		47EBB3CC24A5073700AE20EC /* Base */ = {isa = PBXFileReference; lastKnownFileType = file.storyboard; name = Base; path = Base.lproj/LaunchScreen.storyboard; sourceTree = "<group>"; };
		47EBB3CE24A5073700AE20EC /* Info.plist */ = {isa = PBXFileReference; lastKnownFileType = text.plist.xml; path = Info.plist; sourceTree = "<group>"; };
/* End PBXFileReference section */

/* Begin PBXFrameworksBuildPhase section */
		47EBB3BA24A5073600AE20EC /* Frameworks */ = {
			isa = PBXFrameworksBuildPhase;
			buildActionMask = 2147483647;
			files = (
			);
			runOnlyForDeploymentPostprocessing = 0;
		};
/* End PBXFrameworksBuildPhase section */

/* Begin PBXGroup section */
		47EBB3B424A5073600AE20EC = {
			isa = PBXGroup;
			children = (
				47EBB3BF24A5073600AE20EC /* UIAlertControllerChallenge */,
				47EBB3BE24A5073600AE20EC /* Products */,
			);
			sourceTree = "<group>";
		};
		47EBB3BE24A5073600AE20EC /* Products */ = {
			isa = PBXGroup;
			children = (
				47EBB3BD24A5073600AE20EC /* UIAlertControllerChallenge.app */,
			);
			name = Products;
			sourceTree = "<group>";
		};
		47EBB3BF24A5073600AE20EC /* UIAlertControllerChallenge */ = {
			isa = PBXGroup;
			children = (
				47EBB3C024A5073600AE20EC /* AppDelegate.swift */,
				47EBB3C224A5073600AE20EC /* SceneDelegate.swift */,
				47EBB3C424A5073600AE20EC /* ViewController.swift */,
				47EBB3C624A5073600AE20EC /* Main.storyboard */,
				47EBB3C924A5073700AE20EC /* Assets.xcassets */,
				47EBB3CB24A5073700AE20EC /* LaunchScreen.storyboard */,
				47EBB3CE24A5073700AE20EC /* Info.plist */,
			);
			path = UIAlertControllerChallenge;
			sourceTree = "<group>";
		};
/* End PBXGroup section */

/* Begin PBXNativeTarget section */
		47EBB3BC24A5073600AE20EC /* UIAlertControllerChallenge */ = {
			isa = PBXNativeTarget;
			buildConfigurationList = 47EBB3D124A5073700AE20EC /* Build configuration list for PBXNativeTarget "UIAlertControllerChallenge" */;
			buildPhases = (
				47EBB3B924A5073600AE20EC /* Sources */,
				47EBB3BA24A5073600AE20EC /* Frameworks */,
				47EBB3BB24A5073600AE20EC /* Resources */,
			);
			buildRules = (
			);
			dependencies = (
			);
			name = UIAlertControllerChallenge;
			productName = UIAlertControllerChallenge;
			productReference = 47EBB3BD24A5073600AE20EC /* UIAlertControllerChallenge.app */;
			productType = "com.apple.product-type.application";
		};
/* End PBXNativeTarget section */

/* Begin PBXProject section */
		47EBB3B524A5073600AE20EC /* Project object */ = {
			isa = PBXProject;
			attributes = {
				LastSwiftUpdateCheck = 1130;
				LastUpgradeCheck = 1230;
				ORGANIZATIONNAME = MobileMakersEdu;
				TargetAttributes = {
					47EBB3BC24A5073600AE20EC = {
						CreatedOnToolsVersion = 11.3.1;
					};
				};
			};
			buildConfigurationList = 47EBB3B824A5073600AE20EC /* Build configuration list for PBXProject "UIAlertControllerChallenge" */;
			compatibilityVersion = "Xcode 9.3";
			developmentRegion = en;
			hasScannedForEncodings = 0;
			knownRegions = (
				en,
				Base,
			);
			mainGroup = 47EBB3B424A5073600AE20EC;
			productRefGroup = 47EBB3BE24A5073600AE20EC /* Products */;
			projectDirPath = "";
			projectRoot = "";
			targets = (
				47EBB3BC24A5073600AE20EC /* UIAlertControllerChallenge */,
			);
		};
/* End PBXProject section */

/* Begin PBXResourcesBuildPhase section */
		47EBB3BB24A5073600AE20EC /* Resources */ = {
			isa = PBXResourcesBuildPhase;
			buildActionMask = 2147483647;
			files = (
				47EBB3CD24A5073700AE20EC /* LaunchScreen.storyboard in Resources */,
				47EBB3CA24A5073700AE20EC /* Assets.xcassets in Resources */,
				47EBB3C824A5073600AE20EC /* Main.storyboard in Resources */,
			);
			runOnlyForDeploymentPostprocessing = 0;
		};
/* End PBXResourcesBuildPhase section */

/* Begin PBXSourcesBuildPhase section */
		47EBB3B924A5073600AE20EC /* Sources */ = {
			isa = PBXSourcesBuildPhase;
			buildActionMask = 2147483647;
			files = (
				47EBB3C524A5073600AE20EC /* ViewController.swift in Sources */,
				47EBB3C124A5073600AE20EC /* AppDelegate.swift in Sources */,
				47EBB3C324A5073600AE20EC /* SceneDelegate.swift in Sources */,
			);
			runOnlyForDeploymentPostprocessing = 0;
		};
/* End PBXSourcesBuildPhase section */

/* Begin PBXVariantGroup section */
		47EBB3C624A5073600AE20EC /* Main.storyboard */ = {
			isa = PBXVariantGroup;
			children = (
				47EBB3C724A5073600AE20EC /* Base */,
			);
			name = Main.storyboard;
			sourceTree = "<group>";
		};
		47EBB3CB24A5073700AE20EC /* LaunchScreen.storyboard */ = {
			isa = PBXVariantGroup;
			children = (
				47EBB3CC24A5073700AE20EC /* Base */,
			);
			name = LaunchScreen.storyboard;
			sourceTree = "<group>";
		};
/* End PBXVariantGroup section */

/* Begin XCBuildConfiguration section */
		47EBB3CF24A5073700AE20EC /* Debug */ = {
			isa = XCBuildConfiguration;
			buildSettings = {
				ALWAYS_SEARCH_USER_PATHS = NO;
				CLANG_ANALYZER_NONNULL = YES;
				CLANG_ANALYZER_NUMBER_OBJECT_CONVERSION = YES_AGGRESSIVE;
				CLANG_CXX_LANGUAGE_STANDARD = "gnu++14";
				CLANG_CXX_LIBRARY = "libc++";
				CLANG_ENABLE_MODULES = YES;
				CLANG_ENABLE_OBJC_ARC = YES;
				CLANG_ENABLE_OBJC_WEAK = YES;
				CLANG_WARN_BLOCK_CAPTURE_AUTORELEASING = YES;
				CLANG_WARN_BOOL_CONVERSION = YES;
				CLANG_WARN_COMMA = YES;
				CLANG_WARN_CONSTANT_CONVERSION = YES;
				CLANG_WARN_DEPRECATED_OBJC_IMPLEMENTATIONS = YES;
				CLANG_WARN_DIRECT_OBJC_ISA_USAGE = YES_ERROR;
				CLANG_WARN_DOCUMENTATION_COMMENTS = YES;
				CLANG_WARN_EMPTY_BODY = YES;
				CLANG_WARN_ENUM_CONVERSION = YES;
				CLANG_WARN_INFINITE_RECURSION = YES;
				CLANG_WARN_INT_CONVERSION = YES;
				CLANG_WARN_NON_LITERAL_NULL_CONVERSION = YES;
				CLANG_WARN_OBJC_IMPLICIT_RETAIN_SELF = YES;
				CLANG_WARN_OBJC_LITERAL_CONVERSION = YES;
				CLANG_WARN_OBJC_ROOT_CLASS = YES_ERROR;
				CLANG_WARN_QUOTED_INCLUDE_IN_FRAMEWORK_HEADER = YES;
				CLANG_WARN_RANGE_LOOP_ANALYSIS = YES;
				CLANG_WARN_STRICT_PROTOTYPES = YES;
				CLANG_WARN_SUSPICIOUS_MOVE = YES;
				CLANG_WARN_UNGUARDED_AVAILABILITY = YES_AGGRESSIVE;
				CLANG_WARN_UNREACHABLE_CODE = YES;
				CLANG_WARN__DUPLICATE_METHOD_MATCH = YES;
				COPY_PHASE_STRIP = NO;
				DEBUG_INFORMATION_FORMAT = dwarf;
				ENABLE_STRICT_OBJC_MSGSEND = YES;
				ENABLE_TESTABILITY = YES;
				GCC_C_LANGUAGE_STANDARD = gnu11;
				GCC_DYNAMIC_NO_PIC = NO;
				GCC_NO_COMMON_BLOCKS = YES;
				GCC_OPTIMIZATION_LEVEL = 0;
				GCC_PREPROCESSOR_DEFINITIONS = (
					"DEBUG=1",
					"$(inherited)",
				);
				GCC_WARN_64_TO_32_BIT_CONVERSION = YES;
				GCC_WARN_ABOUT_RETURN_TYPE = YES_ERROR;
				GCC_WARN_UNDECLARED_SELECTOR = YES;
				GCC_WARN_UNINITIALIZED_AUTOS = YES_AGGRESSIVE;
				GCC_WARN_UNUSED_FUNCTION = YES;
				GCC_WARN_UNUSED_VARIABLE = YES;
				IPHONEOS_DEPLOYMENT_TARGET = 13.2;
				MTL_ENABLE_DEBUG_INFO = INCLUDE_SOURCE;
				MTL_FAST_MATH = YES;
				ONLY_ACTIVE_ARCH = YES;
				SDKROOT = iphoneos;
				SWIFT_ACTIVE_COMPILATION_CONDITIONS = DEBUG;
				SWIFT_OPTIMIZATION_LEVEL = "-Onone";
			};
			name = Debug;
		};
		47EBB3D024A5073700AE20EC /* Release */ = {
			isa = XCBuildConfiguration;
			buildSettings = {
				ALWAYS_SEARCH_USER_PATHS = NO;
				CLANG_ANALYZER_NONNULL = YES;
				CLANG_ANALYZER_NUMBER_OBJECT_CONVERSION = YES_AGGRESSIVE;
				CLANG_CXX_LANGUAGE_STANDARD = "gnu++14";
				CLANG_CXX_LIBRARY = "libc++";
				CLANG_ENABLE_MODULES = YES;
				CLANG_ENABLE_OBJC_ARC = YES;
				CLANG_ENABLE_OBJC_WEAK = YES;
				CLANG_WARN_BLOCK_CAPTURE_AUTORELEASING = YES;
				CLANG_WARN_BOOL_CONVERSION = YES;
				CLANG_WARN_COMMA = YES;
				CLANG_WARN_CONSTANT_CONVERSION = YES;
				CLANG_WARN_DEPRECATED_OBJC_IMPLEMENTATIONS = YES;
				CLANG_WARN_DIRECT_OBJC_ISA_USAGE = YES_ERROR;
				CLANG_WARN_DOCUMENTATION_COMMENTS = YES;
				CLANG_WARN_EMPTY_BODY = YES;
				CLANG_WARN_ENUM_CONVERSION = YES;
				CLANG_WARN_INFINITE_RECURSION = YES;
				CLANG_WARN_INT_CONVERSION = YES;
				CLANG_WARN_NON_LITERAL_NULL_CONVERSION = YES;
				CLANG_WARN_OBJC_IMPLICIT_RETAIN_SELF = YES;
				CLANG_WARN_OBJC_LITERAL_CONVERSION = YES;
				CLANG_WARN_OBJC_ROOT_CLASS = YES_ERROR;
				CLANG_WARN_QUOTED_INCLUDE_IN_FRAMEWORK_HEADER = YES;
				CLANG_WARN_RANGE_LOOP_ANALYSIS = YES;
				CLANG_WARN_STRICT_PROTOTYPES = YES;
				CLANG_WARN_SUSPICIOUS_MOVE = YES;
				CLANG_WARN_UNGUARDED_AVAILABILITY = YES_AGGRESSIVE;
				CLANG_WARN_UNREACHABLE_CODE = YES;
				CLANG_WARN__DUPLICATE_METHOD_MATCH = YES;
				COPY_PHASE_STRIP = NO;
				DEBUG_INFORMATION_FORMAT = "dwarf-with-dsym";
				ENABLE_NS_ASSERTIONS = NO;
				ENABLE_STRICT_OBJC_MSGSEND = YES;
				GCC_C_LANGUAGE_STANDARD = gnu11;
				GCC_NO_COMMON_BLOCKS = YES;
				GCC_WARN_64_TO_32_BIT_CONVERSION = YES;
				GCC_WARN_ABOUT_RETURN_TYPE = YES_ERROR;
				GCC_WARN_UNDECLARED_SELECTOR = YES;
				GCC_WARN_UNINITIALIZED_AUTOS = YES_AGGRESSIVE;
				GCC_WARN_UNUSED_FUNCTION = YES;
				GCC_WARN_UNUSED_VARIABLE = YES;
				IPHONEOS_DEPLOYMENT_TARGET = 13.2;
				MTL_ENABLE_DEBUG_INFO = NO;
				MTL_FAST_MATH = YES;
				SDKROOT = iphoneos;
				SWIFT_COMPILATION_MODE = wholemodule;
				SWIFT_OPTIMIZATION_LEVEL = "-O";
				VALIDATE_PRODUCT = YES;
			};
			name = Release;
		};
		47EBB3D224A5073700AE20EC /* Debug */ = {
			isa = XCBuildConfiguration;
			buildSettings = {
				ASSETCATALOG_COMPILER_APPICON_NAME = AppIcon;
				CODE_SIGN_STYLE = Automatic;
				INFOPLIST_FILE = UIAlertControllerChallenge/Info.plist;
				LD_RUNPATH_SEARCH_PATHS = (
					"$(inherited)",
					"@executable_path/Frameworks",
				);
				PRODUCT_BUNDLE_IDENTIFIER = mme.UIAlertControllerChallenge;
				PRODUCT_NAME = "$(TARGET_NAME)";
				SWIFT_VERSION = 5.0;
				TARGETED_DEVICE_FAMILY = "1,2";
			};
			name = Debug;
		};
		47EBB3D324A5073700AE20EC /* Release */ = {
			isa = XCBuildConfiguration;
			buildSettings = {
				ASSETCATALOG_COMPILER_APPICON_NAME = AppIcon;
				CODE_SIGN_STYLE = Automatic;
				INFOPLIST_FILE = UIAlertControllerChallenge/Info.plist;
				LD_RUNPATH_SEARCH_PATHS = (
					"$(inherited)",
					"@executable_path/Frameworks",
				);
				PRODUCT_BUNDLE_IDENTIFIER = mme.UIAlertControllerChallenge;
				PRODUCT_NAME = "$(TARGET_NAME)";
				SWIFT_VERSION = 5.0;
				TARGETED_DEVICE_FAMILY = "1,2";
			};
			name = Release;
		};
/* End XCBuildConfiguration section */

/* Begin XCConfigurationList section */
		47EBB3B824A5073600AE20EC /* Build configuration list for PBXProject "UIAlertControllerChallenge" */ = {
			isa = XCConfigurationList;
			buildConfigurations = (
				47EBB3CF24A5073700AE20EC /* Debug */,
				47EBB3D024A5073700AE20EC /* Release */,
			);
			defaultConfigurationIsVisible = 0;
			defaultConfigurationName = Release;
		};
		47EBB3D124A5073700AE20EC /* Build configuration list for PBXNativeTarget "UIAlertControllerChallenge" */ = {
			isa = XCConfigurationList;
			buildConfigurations = (
				47EBB3D224A5073700AE20EC /* Debug */,
				47EBB3D324A5073700AE20EC /* Release */,
			);
			defaultConfigurationIsVisible = 0;
			defaultConfigurationName = Release;
		};
/* End XCConfigurationList section */
	};
	rootObject = 47EBB3B524A5073600AE20EC /* Project object */;
}
